
Microsoft Visual Studio Solution File, Format Version 12.00
# Visual Studio Version 17
VisualStudioVersion = 17.5.002.0
MinimumVisualStudioVersion = 10.0.40219.1
Project("{9A19103F-16F7-4668-BE54-9A1E7A4F7556}") = "GeraPDFdoZPL2.0", "GeraPDFdoZPL2.0.csproj", "{2D96483C-77B6-4971-99B1-8FDBE281429C}"
EndProject
Global
	GlobalSection(SolutionConfigurationPlatforms) = preSolution
		Debug|Any CPU = Debug|Any CPU
		Release|Any CPU = Release|Any CPU
	EndGlobalSection
	GlobalSection(ProjectConfigurationPlatforms) = postSolution
		{2D96483C-77B6-4971-99B1-8FDBE281429C}.Debug|Any CPU.ActiveCfg = Debug|Any CPU
		{2D96483C-77B6-4971-99B1-8FDBE281429C}.Debug|Any CPU.Build.0 = Debug|Any CPU
		{2D96483C-77B6-4971-99B1-8FDBE281429C}.Release|Any CPU.ActiveCfg = Release|Any CPU
		{2D96483C-77B6-4971-99B1-8FDBE281429C}.Release|Any CPU.Build.0 = Release|Any CPU
	EndGlobalSection
	GlobalSection(SolutionProperties) = preSolution
		HideSolutionNode = FALSE
	EndGlobalSection
	GlobalSection(ExtensibilityGlobals) = postSolution
		SolutionGuid = {E82F9B54-34B5-4081-A851-F934283377B8}
	EndGlobalSection
EndGlobal
