
Microsoft Visual Studio Solution File, Format Version 12.00
# Visual Studio Version 17
VisualStudioVersion = 17.10.35004.147
MinimumVisualStudioVersion = 10.0.40219.1
Project("{9A19103F-16F7-4668-BE54-9A1E7A4F7556}") = "GeraPDFdoZPL", "GeraPDFdoZPL\GeraPDFdoZPL.csproj", "{5AE6EF75-8EEB-4507-9775-FFB9DE8D4303}"
EndProject
Global
	GlobalSection(SolutionConfigurationPlatforms) = preSolution
		Debug|Any CPU = Debug|Any CPU
		Release|Any CPU = Release|Any CPU
	EndGlobalSection
	GlobalSection(ProjectConfigurationPlatforms) = postSolution
		{5AE6EF75-8EEB-4507-9775-FFB9DE8D4303}.Debug|Any CPU.ActiveCfg = Debug|Any CPU
		{5AE6EF75-8EEB-4507-9775-FFB9DE8D4303}.Debug|Any CPU.Build.0 = Debug|Any CPU
		{5AE6EF75-8EEB-4507-9775-FFB9DE8D4303}.Release|Any CPU.ActiveCfg = Release|Any CPU
		{5AE6EF75-8EEB-4507-9775-FFB9DE8D4303}.Release|Any CPU.Build.0 = Release|Any CPU
	EndGlobalSection
	GlobalSection(SolutionProperties) = preSolution
		HideSolutionNode = FALSE
	EndGlobalSection
	GlobalSection(ExtensibilityGlobals) = postSolution
		SolutionGuid = {9A7DE564-6B29-41DA-8310-B3A9A5EC23E4}
	EndGlobalSection
EndGlobal
